
Microsoft Visual Studio Solution File, Format Version 12.00
# Visual Studio 15
VisualStudioVersion = 15.0.27703.2000
MinimumVisualStudioVersion = 10.0.40219.1
Project("{9A19103F-16F7-4668-BE54-9A1E7A4F7556}") = "Daisy", "Daisy\Daisy.csproj", "{B63DED70-4CA9-4724-867D-C93FB85F4E93}"
EndProject
Project("{FAE04EC0-301F-11D3-BF4B-00C04F79EFBC}") = "DaisyTest", "DaisyTest\DaisyTest.csproj", "{074AD00E-98BB-40E8-ACBA-5C54D4AA2C0C}"
EndProject
Global
	GlobalSection(SolutionConfigurationPlatforms) = preSolution
		Debug|Any CPU = Debug|Any CPU
		Release|Any CPU = Release|Any CPU
	EndGlobalSection
	GlobalSection(ProjectConfigurationPlatforms) = postSolution
		{B63DED70-4CA9-4724-867D-C93FB85F4E93}.Debug|Any CPU.ActiveCfg = Debug|Any CPU
		{B63DED70-4CA9-4724-867D-C93FB85F4E93}.Debug|Any CPU.Build.0 = Debug|Any CPU
		{B63DED70-4CA9-4724-867D-C93FB85F4E93}.Release|Any CPU.ActiveCfg = Release|Any CPU
		{B63DED70-4CA9-4724-867D-C93FB85F4E93}.Release|Any CPU.Build.0 = Release|Any CPU
		{074AD00E-98BB-40E8-ACBA-5C54D4AA2C0C}.Debug|Any CPU.ActiveCfg = Debug|Any CPU
		{074AD00E-98BB-40E8-ACBA-5C54D4AA2C0C}.Debug|Any CPU.Build.0 = Debug|Any CPU
		{074AD00E-98BB-40E8-ACBA-5C54D4AA2C0C}.Release|Any CPU.ActiveCfg = Release|Any CPU
		{074AD00E-98BB-40E8-ACBA-5C54D4AA2C0C}.Release|Any CPU.Build.0 = Release|Any CPU
	EndGlobalSection
	GlobalSection(SolutionProperties) = preSolution
		HideSolutionNode = FALSE
	EndGlobalSection
	GlobalSection(ExtensibilityGlobals) = postSolution
		SolutionGuid = {AE2EE595-B792-4DDA-B130-2D920E91A7FC}
	EndGlobalSection
EndGlobal
